
Microsoft Visual Studio Solution File, Format Version 12.00
# Visual Studio Version 16
VisualStudioVersion = 16.0.30204.135
MinimumVisualStudioVersion = 10.0.40219.1
Project("{FAE04EC0-301F-11D3-BF4B-00C04F79EFBC}") = "June18.3", "June18.3.csproj", "{2940AF45-6CF9-4E00-A548-4325471E04A2}"
EndProject
Global
	GlobalSection(SolutionConfigurationPlatforms) = preSolution
		Debug|Any CPU = Debug|Any CPU
		Release|Any CPU = Release|Any CPU
	EndGlobalSection
	GlobalSection(ProjectConfigurationPlatforms) = postSolution
		{2940AF45-6CF9-4E00-A548-4325471E04A2}.Debug|Any CPU.ActiveCfg = Debug|Any CPU
		{2940AF45-6CF9-4E00-A548-4325471E04A2}.Debug|Any CPU.Build.0 = Debug|Any CPU
		{2940AF45-6CF9-4E00-A548-4325471E04A2}.Release|Any CPU.ActiveCfg = Release|Any CPU
		{2940AF45-6CF9-4E00-A548-4325471E04A2}.Release|Any CPU.Build.0 = Release|Any CPU
	EndGlobalSection
	GlobalSection(SolutionProperties) = preSolution
		HideSolutionNode = FALSE
	EndGlobalSection
	GlobalSection(ExtensibilityGlobals) = postSolution
		SolutionGuid = {0ED74BD5-BE19-4C38-80DA-2D4E569D3D6A}
	EndGlobalSection
EndGlobal
